
Microsoft Visual Studio Solution File, Format Version 12.00
# Visual Studio Version 17
VisualStudioVersion = 17.11.35219.272
MinimumVisualStudioVersion = 10.0.40219.1
Project("{9A19103F-16F7-4668-BE54-9A1E7A4F7556}") = "Plugin.Maui.NativeCalendar", "Plugin.Maui.NativeCalendar\Plugin.Maui.NativeCalendar.csproj", "{8CB363D2-2312-4059-8FAB-29F1DEC7707B}"
EndProject
Global
	GlobalSection(SolutionConfigurationPlatforms) = preSolution
		Debug|Any CPU = Debug|Any CPU
		Release|Any CPU = Release|Any CPU
	EndGlobalSection
	GlobalSection(ProjectConfigurationPlatforms) = postSolution
		{8CB363D2-2312-4059-8FAB-29F1DEC7707B}.Debug|Any CPU.ActiveCfg = Debug|Any CPU
		{8CB363D2-2312-4059-8FAB-29F1DEC7707B}.Debug|Any CPU.Build.0 = Debug|Any CPU
		{8CB363D2-2312-4059-8FAB-29F1DEC7707B}.Release|Any CPU.ActiveCfg = Release|Any CPU
		{8CB363D2-2312-4059-8FAB-29F1DEC7707B}.Release|Any CPU.Build.0 = Release|Any CPU
	EndGlobalSection
	GlobalSection(SolutionProperties) = preSolution
		HideSolutionNode = FALSE
	EndGlobalSection
	GlobalSection(ExtensibilityGlobals) = postSolution
		SolutionGuid = {9C1A5250-4B63-4ABE-9E4A-65064808F863}
	EndGlobalSection
EndGlobal
